# Generated by pub
# See https://dart.dev/tools/pub/glossary#lockfile
packages:
  diff_match_patch:
    dependency: "direct main"
    description:
      name: diff_match_patch
      url: "https://pub.dartlang.org"
    source: hosted
    version: "0.4.1"
  lints:
    dependency: "direct dev"
    description:
      name: lints
      url: "https://pub.dartlang.org"
    source: hosted
    version: "2.0.1"
sdks:
  dart: ">=2.18.0 <3.0.0"
